
Microsoft Visual Studio Solution File, Format Version 12.00
# Visual Studio Version 16
VisualStudioVersion = 16.0.30114.105
MinimumVisualStudioVersion = 10.0.40219.1
Project("{FAE04EC0-301F-11D3-BF4B-00C04F79EFBC}") = "CafeLibrary", "CafeLibrary\CafeLibrary.csproj", "{8286ECBE-C5F8-4FB0-9F28-BCF70573CF39}"
EndProject
Project("{FAE04EC0-301F-11D3-BF4B-00C04F79EFBC}") = "CafeTests", "CafeTests\CafeTests.csproj", "{A5E2BE83-B619-4479-90E2-B2997729A2FB}"
EndProject
Project("{FAE04EC0-301F-11D3-BF4B-00C04F79EFBC}") = "CafeUI", "CafeUI\CafeUI.csproj", "{AA446534-1FA6-4EB8-B752-D4B4CA88057E}"
EndProject
Global
	GlobalSection(SolutionConfigurationPlatforms) = preSolution
		Debug|Any CPU = Debug|Any CPU
		Debug|x64 = Debug|x64
		Debug|x86 = Debug|x86
		Release|Any CPU = Release|Any CPU
		Release|x64 = Release|x64
		Release|x86 = Release|x86
	EndGlobalSection
	GlobalSection(SolutionProperties) = preSolution
		HideSolutionNode = FALSE
	EndGlobalSection
	GlobalSection(ProjectConfigurationPlatforms) = postSolution
		{8286ECBE-C5F8-4FB0-9F28-BCF70573CF39}.Debug|Any CPU.ActiveCfg = Debug|Any CPU
		{8286ECBE-C5F8-4FB0-9F28-BCF70573CF39}.Debug|Any CPU.Build.0 = Debug|Any CPU
		{8286ECBE-C5F8-4FB0-9F28-BCF70573CF39}.Debug|x64.ActiveCfg = Debug|Any CPU
		{8286ECBE-C5F8-4FB0-9F28-BCF70573CF39}.Debug|x64.Build.0 = Debug|Any CPU
		{8286ECBE-C5F8-4FB0-9F28-BCF70573CF39}.Debug|x86.ActiveCfg = Debug|Any CPU
		{8286ECBE-C5F8-4FB0-9F28-BCF70573CF39}.Debug|x86.Build.0 = Debug|Any CPU
		{8286ECBE-C5F8-4FB0-9F28-BCF70573CF39}.Release|Any CPU.ActiveCfg = Release|Any CPU
		{8286ECBE-C5F8-4FB0-9F28-BCF70573CF39}.Release|Any CPU.Build.0 = Release|Any CPU
		{8286ECBE-C5F8-4FB0-9F28-BCF70573CF39}.Release|x64.ActiveCfg = Release|Any CPU
		{8286ECBE-C5F8-4FB0-9F28-BCF70573CF39}.Release|x64.Build.0 = Release|Any CPU
		{8286ECBE-C5F8-4FB0-9F28-BCF70573CF39}.Release|x86.ActiveCfg = Release|Any CPU
		{8286ECBE-C5F8-4FB0-9F28-BCF70573CF39}.Release|x86.Build.0 = Release|Any CPU
		{A5E2BE83-B619-4479-90E2-B2997729A2FB}.Debug|Any CPU.ActiveCfg = Debug|Any CPU
		{A5E2BE83-B619-4479-90E2-B2997729A2FB}.Debug|Any CPU.Build.0 = Debug|Any CPU
		{A5E2BE83-B619-4479-90E2-B2997729A2FB}.Debug|x64.ActiveCfg = Debug|Any CPU
		{A5E2BE83-B619-4479-90E2-B2997729A2FB}.Debug|x64.Build.0 = Debug|Any CPU
		{A5E2BE83-B619-4479-90E2-B2997729A2FB}.Debug|x86.ActiveCfg = Debug|Any CPU
		{A5E2BE83-B619-4479-90E2-B2997729A2FB}.Debug|x86.Build.0 = Debug|Any CPU
		{A5E2BE83-B619-4479-90E2-B2997729A2FB}.Release|Any CPU.ActiveCfg = Release|Any CPU
		{A5E2BE83-B619-4479-90E2-B2997729A2FB}.Release|Any CPU.Build.0 = Release|Any CPU
		{A5E2BE83-B619-4479-90E2-B2997729A2FB}.Release|x64.ActiveCfg = Release|Any CPU
		{A5E2BE83-B619-4479-90E2-B2997729A2FB}.Release|x64.Build.0 = Release|Any CPU
		{A5E2BE83-B619-4479-90E2-B2997729A2FB}.Release|x86.ActiveCfg = Release|Any CPU
		{A5E2BE83-B619-4479-90E2-B2997729A2FB}.Release|x86.Build.0 = Release|Any CPU
		{AA446534-1FA6-4EB8-B752-D4B4CA88057E}.Debug|Any CPU.ActiveCfg = Debug|Any CPU
		{AA446534-1FA6-4EB8-B752-D4B4CA88057E}.Debug|Any CPU.Build.0 = Debug|Any CPU
		{AA446534-1FA6-4EB8-B752-D4B4CA88057E}.Debug|x64.ActiveCfg = Debug|Any CPU
		{AA446534-1FA6-4EB8-B752-D4B4CA88057E}.Debug|x64.Build.0 = Debug|Any CPU
		{AA446534-1FA6-4EB8-B752-D4B4CA88057E}.Debug|x86.ActiveCfg = Debug|Any CPU
		{AA446534-1FA6-4EB8-B752-D4B4CA88057E}.Debug|x86.Build.0 = Debug|Any CPU
		{AA446534-1FA6-4EB8-B752-D4B4CA88057E}.Release|Any CPU.ActiveCfg = Release|Any CPU
		{AA446534-1FA6-4EB8-B752-D4B4CA88057E}.Release|Any CPU.Build.0 = Release|Any CPU
		{AA446534-1FA6-4EB8-B752-D4B4CA88057E}.Release|x64.ActiveCfg = Release|Any CPU
		{AA446534-1FA6-4EB8-B752-D4B4CA88057E}.Release|x64.Build.0 = Release|Any CPU
		{AA446534-1FA6-4EB8-B752-D4B4CA88057E}.Release|x86.ActiveCfg = Release|Any CPU
		{AA446534-1FA6-4EB8-B752-D4B4CA88057E}.Release|x86.Build.0 = Release|Any CPU
	EndGlobalSection
EndGlobal
